
Microsoft Visual Studio Solution File, Format Version 12.00
# Visual Studio Version 16
VisualStudioVersion = 16.0.29728.190
MinimumVisualStudioVersion = 10.0.40219.1
Project("{FAE04EC0-301F-11D3-BF4B-00C04F79EFBC}") = "ComplexClass", "Task1\ComplexClass.csproj", "{865AA9C9-F8EC-481D-868B-D3AFD81696FF}"
EndProject
Project("{FAE04EC0-301F-11D3-BF4B-00C04F79EFBC}") = "ComplexStruct", "ComplexStruct\ComplexStruct.csproj", "{B9EFE899-C9FC-4B6B-9D73-16E3209B9EF9}"
EndProject
Project("{FAE04EC0-301F-11D3-BF4B-00C04F79EFBC}") = "Task2", "Task2\Task2.csproj", "{F8575280-0674-4F00-B411-80EE78156482}"
EndProject
Project("{FAE04EC0-301F-11D3-BF4B-00C04F79EFBC}") = "Task3", "Task3\Task3.csproj", "{62F83339-32B1-4B5F-BBDF-26E54CDFD79B}"
EndProject
Global
	GlobalSection(SolutionConfigurationPlatforms) = preSolution
		Debug|Any CPU = Debug|Any CPU
		Release|Any CPU = Release|Any CPU
	EndGlobalSection
	GlobalSection(ProjectConfigurationPlatforms) = postSolution
		{865AA9C9-F8EC-481D-868B-D3AFD81696FF}.Debug|Any CPU.ActiveCfg = Debug|Any CPU
		{865AA9C9-F8EC-481D-868B-D3AFD81696FF}.Debug|Any CPU.Build.0 = Debug|Any CPU
		{865AA9C9-F8EC-481D-868B-D3AFD81696FF}.Release|Any CPU.ActiveCfg = Release|Any CPU
		{865AA9C9-F8EC-481D-868B-D3AFD81696FF}.Release|Any CPU.Build.0 = Release|Any CPU
		{B9EFE899-C9FC-4B6B-9D73-16E3209B9EF9}.Debug|Any CPU.ActiveCfg = Debug|Any CPU
		{B9EFE899-C9FC-4B6B-9D73-16E3209B9EF9}.Debug|Any CPU.Build.0 = Debug|Any CPU
		{B9EFE899-C9FC-4B6B-9D73-16E3209B9EF9}.Release|Any CPU.ActiveCfg = Release|Any CPU
		{B9EFE899-C9FC-4B6B-9D73-16E3209B9EF9}.Release|Any CPU.Build.0 = Release|Any CPU
		{F8575280-0674-4F00-B411-80EE78156482}.Debug|Any CPU.ActiveCfg = Debug|Any CPU
		{F8575280-0674-4F00-B411-80EE78156482}.Debug|Any CPU.Build.0 = Debug|Any CPU
		{F8575280-0674-4F00-B411-80EE78156482}.Release|Any CPU.ActiveCfg = Release|Any CPU
		{F8575280-0674-4F00-B411-80EE78156482}.Release|Any CPU.Build.0 = Release|Any CPU
		{62F83339-32B1-4B5F-BBDF-26E54CDFD79B}.Debug|Any CPU.ActiveCfg = Debug|Any CPU
		{62F83339-32B1-4B5F-BBDF-26E54CDFD79B}.Debug|Any CPU.Build.0 = Debug|Any CPU
		{62F83339-32B1-4B5F-BBDF-26E54CDFD79B}.Release|Any CPU.ActiveCfg = Release|Any CPU
		{62F83339-32B1-4B5F-BBDF-26E54CDFD79B}.Release|Any CPU.Build.0 = Release|Any CPU
	EndGlobalSection
	GlobalSection(SolutionProperties) = preSolution
		HideSolutionNode = FALSE
	EndGlobalSection
	GlobalSection(ExtensibilityGlobals) = postSolution
		SolutionGuid = {E994AE09-CE75-4EDA-BF57-258F5D32DEA2}
	EndGlobalSection
EndGlobal
